
Microsoft Visual Studio Solution File, Format Version 12.00
# Visual Studio Version 17
VisualStudioVersion = 17.2.32630.192
MinimumVisualStudioVersion = 10.0.40219.1
Project("{FAE04EC0-301F-11D3-BF4B-00C04F79EFBC}") = "Macket", "Macket\Macket.csproj", "{D616C8F1-93B6-4872-B409-A97AB263B528}"
EndProject
Global
	GlobalSection(SolutionConfigurationPlatforms) = preSolution
		Debug|Any CPU = Debug|Any CPU
		Release|Any CPU = Release|Any CPU
	EndGlobalSection
	GlobalSection(ProjectConfigurationPlatforms) = postSolution
		{D616C8F1-93B6-4872-B409-A97AB263B528}.Debug|Any CPU.ActiveCfg = Debug|Any CPU
		{D616C8F1-93B6-4872-B409-A97AB263B528}.Debug|Any CPU.Build.0 = Debug|Any CPU
		{D616C8F1-93B6-4872-B409-A97AB263B528}.Release|Any CPU.ActiveCfg = Release|Any CPU
		{D616C8F1-93B6-4872-B409-A97AB263B528}.Release|Any CPU.Build.0 = Release|Any CPU
	EndGlobalSection
	GlobalSection(SolutionProperties) = preSolution
		HideSolutionNode = FALSE
	EndGlobalSection
	GlobalSection(ExtensibilityGlobals) = postSolution
		SolutionGuid = {AAA038A0-D1E1-46AE-BC2A-53C1A397B717}
	EndGlobalSection
EndGlobal
